
Microsoft Visual Studio Solution File, Format Version 12.00
# Visual Studio Version 17
VisualStudioVersion = 17.13.35913.81 d17.13
MinimumVisualStudioVersion = 10.0.40219.1
Project("{FAE04EC0-301F-11D3-BF4B-00C04F79EFBC}") = "MyName", "MyName\MyName.csproj", "{B2EA14C4-E834-436F-9305-6B44AE81F453}"
EndProject
Global
	GlobalSection(SolutionConfigurationPlatforms) = preSolution
		Debug|Any CPU = Debug|Any CPU
		Release|Any CPU = Release|Any CPU
	EndGlobalSection
	GlobalSection(ProjectConfigurationPlatforms) = postSolution
		{B2EA14C4-E834-436F-9305-6B44AE81F453}.Debug|Any CPU.ActiveCfg = Debug|Any CPU
		{B2EA14C4-E834-436F-9305-6B44AE81F453}.Debug|Any CPU.Build.0 = Debug|Any CPU
		{B2EA14C4-E834-436F-9305-6B44AE81F453}.Release|Any CPU.ActiveCfg = Release|Any CPU
		{B2EA14C4-E834-436F-9305-6B44AE81F453}.Release|Any CPU.Build.0 = Release|Any CPU
	EndGlobalSection
	GlobalSection(SolutionProperties) = preSolution
		HideSolutionNode = FALSE
	EndGlobalSection
	GlobalSection(ExtensibilityGlobals) = postSolution
		SolutionGuid = {95B43405-E065-4CA6-BD50-A1C038356B5D}
	EndGlobalSection
EndGlobal
